FORGE
  remote: http://forge.puppetlabs.com
  specs:
    puppetlabs/apache (0.9.0)
      puppetlabs/concat (>= 1.0.0)
      puppetlabs/stdlib (>= 2.4.0)
    puppetlabs/concat (1.0.0)
    puppetlabs/stdlib (4.1.0)

GIT
  remote: https://github.com/puppetlabs/puppetlabs-apache.git
  ref: master
  sha: edcf4b0f77e0c169f231d3051535df5ed85dd89f
  specs:
    apache (1.0.1)
      puppetlabs/concat (>= 1.0.0)
      puppetlabs/stdlib (>= 2.4.0)

DEPENDENCIES
  apache (>= 0)
  puppetlabs/apache (>= 0.9.0)
  puppetlabs/stdlib (>= 3.2.0)

